
Microsoft Visual Studio Solution File, Format Version 12.00
# Visual Studio 15
VisualStudioVersion = 15.0.27428.2037
MinimumVisualStudioVersion = 10.0.40219.1
Project("{FAE04EC0-301F-11D3-BF4B-00C04F79EFBC}") = "BoxTop", "BoxTop\BoxTop.csproj", "{C01B3A26-7F6A-4C11-9044-DA30C64003FB}"
EndProject
Global
	GlobalSection(SolutionConfigurationPlatforms) = preSolution
		Debug|Any CPU = Debug|Any CPU
		Release|Any CPU = Release|Any CPU
	EndGlobalSection
	GlobalSection(ProjectConfigurationPlatforms) = postSolution
		{C01B3A26-7F6A-4C11-9044-DA30C64003FB}.Debug|Any CPU.ActiveCfg = Debug|Any CPU
		{C01B3A26-7F6A-4C11-9044-DA30C64003FB}.Debug|Any CPU.Build.0 = Debug|Any CPU
		{C01B3A26-7F6A-4C11-9044-DA30C64003FB}.Release|Any CPU.ActiveCfg = Release|Any CPU
		{C01B3A26-7F6A-4C11-9044-DA30C64003FB}.Release|Any CPU.Build.0 = Release|Any CPU
	EndGlobalSection
	GlobalSection(SolutionProperties) = preSolution
		HideSolutionNode = FALSE
	EndGlobalSection
	GlobalSection(ExtensibilityGlobals) = postSolution
		SolutionGuid = {A4F92AD5-0424-4441-9ABF-62B24861D7DB}
	EndGlobalSection
EndGlobal
